
Microsoft Visual Studio Solution File, Format Version 12.00
# Visual Studio Version 17
VisualStudioVersion = 17.0.31903.59
MinimumVisualStudioVersion = 10.0.40219.1
Project("{2150E333-8FDC-42A3-9474-1A3956D46DE8}") = "src", "src", "{827E0CD3-B72D-47B6-A68D-7590B98EB39B}"
EndProject
Project("{2150E333-8FDC-42A3-9474-1A3956D46DE8}") = "Core", "Core", "{8D626EA8-CB54-BC41-363A-217881BEBA6E}"
EndProject
Project("{FAE04EC0-301F-11D3-BF4B-00C04F79EFBC}") = "CardManagement.Data", "src\Core\CardManagement.Data\CardManagement.Data.csproj", "{5A26CC64-2FB8-43FB-8320-86BC869C4996}"
EndProject
Project("{FAE04EC0-301F-11D3-BF4B-00C04F79EFBC}") = "CardManagement.Shared", "src\Core\CardManagement.Shared\CardManagement.Shared.csproj", "{ECFB02B8-3E69-44D4-A6C6-36022795DB5C}"
EndProject
Project("{2150E333-8FDC-42A3-9474-1A3956D46DE8}") = "Backoffice", "Backoffice", "{0E0E3053-B35B-C102-A91C-E2BFFDC3A50A}"
EndProject
Project("{FAE04EC0-301F-11D3-BF4B-00C04F79EFBC}") = "Backoffice.API", "src\Backoffice\Backoffice.API\Backoffice.API.csproj", "{5CD08239-D05A-4AD0-A775-016C02BE9794}"
EndProject
Project("{FAE04EC0-301F-11D3-BF4B-00C04F79EFBC}") = "Backoffice.Service", "src\Backoffice\Backoffice.Service\Backoffice.Service.csproj", "{67274A86-7019-40D5-A1FE-B9B97FBDCF1C}"
EndProject
Project("{2150E333-8FDC-42A3-9474-1A3956D46DE8}") = "Merchant", "Merchant", "{00F58F89-0DDD-AFA7-F48B-337AED703839}"
EndProject
Project("{FAE04EC0-301F-11D3-BF4B-00C04F79EFBC}") = "Merchant.API", "src\Merchant\Merchant.API\Merchant.API.csproj", "{D8504AFC-34D5-47F1-ACA0-108B255496D8}"
EndProject
Project("{FAE04EC0-301F-11D3-BF4B-00C04F79EFBC}") = "Merchant.Service", "src\Merchant\Merchant.Service\Merchant.Service.csproj", "{C2879450-5A27-4A5A-BA94-4E2CD5D33BEB}"
EndProject
Project("{2150E333-8FDC-42A3-9474-1A3956D46DE8}") = "MerchantApp", "MerchantApp", "{168BE1D6-EBDA-962C-6688-B47B5C084E68}"
EndProject
Project("{FAE04EC0-301F-11D3-BF4B-00C04F79EFBC}") = "MerchantApp.API", "src\MerchantApp\MerchantApp.API\MerchantApp.API.csproj", "{F9BBAAA6-9533-441D-8B41-76F0BA0279CB}"
EndProject
Project("{2150E333-8FDC-42A3-9474-1A3956D46DE8}") = "Cardholder", "Cardholder", "{8E04ABF7-BA45-BDB3-C710-A67BBE315F0D}"
EndProject
Project("{FAE04EC0-301F-11D3-BF4B-00C04F79EFBC}") = "Cardholder.API", "src\Cardholder\Cardholder.API\Cardholder.API.csproj", "{CFE3C7B0-CB4F-4CF1-AB08-0DDA3F68D612}"
EndProject
Project("{FAE04EC0-301F-11D3-BF4B-00C04F79EFBC}") = "Cardholder.Service", "src\Cardholder\Cardholder.Service\Cardholder.Service.csproj", "{14A4F709-94D3-4F75-9C1B-CF14E3F92E45}"
EndProject
Project("{2150E333-8FDC-42A3-9474-1A3956D46DE8}") = "MerchantAppService", "MerchantAppService", "{D1F2F15C-3713-4DA3-9C72-6144430BF355}"
EndProject
Project("{FAE04EC0-301F-11D3-BF4B-00C04F79EFBC}") = "MerchantApp.Service", "src\MerchantApp\MerchantAppService\MerchantApp.Service.csproj", "{64B8C471-547C-4277-AF55-E2C4743C651B}"
EndProject
Global
	GlobalSection(SolutionConfigurationPlatforms) = preSolution
		Debug|Any CPU = Debug|Any CPU
		Debug|x64 = Debug|x64
		Debug|x86 = Debug|x86
		Release|Any CPU = Release|Any CPU
		Release|x64 = Release|x64
		Release|x86 = Release|x86
	EndGlobalSection
	GlobalSection(ProjectConfigurationPlatforms) = postSolution
		{5A26CC64-2FB8-43FB-8320-86BC869C4996}.Debug|Any CPU.ActiveCfg = Debug|Any CPU
		{5A26CC64-2FB8-43FB-8320-86BC869C4996}.Debug|Any CPU.Build.0 = Debug|Any CPU
		{5A26CC64-2FB8-43FB-8320-86BC869C4996}.Debug|x64.ActiveCfg = Debug|Any CPU
		{5A26CC64-2FB8-43FB-8320-86BC869C4996}.Debug|x64.Build.0 = Debug|Any CPU
		{5A26CC64-2FB8-43FB-8320-86BC869C4996}.Debug|x86.ActiveCfg = Debug|Any CPU
		{5A26CC64-2FB8-43FB-8320-86BC869C4996}.Debug|x86.Build.0 = Debug|Any CPU
		{5A26CC64-2FB8-43FB-8320-86BC869C4996}.Release|Any CPU.ActiveCfg = Release|Any CPU
		{5A26CC64-2FB8-43FB-8320-86BC869C4996}.Release|Any CPU.Build.0 = Release|Any CPU
		{5A26CC64-2FB8-43FB-8320-86BC869C4996}.Release|x64.ActiveCfg = Release|Any CPU
		{5A26CC64-2FB8-43FB-8320-86BC869C4996}.Release|x64.Build.0 = Release|Any CPU
		{5A26CC64-2FB8-43FB-8320-86BC869C4996}.Release|x86.ActiveCfg = Release|Any CPU
		{5A26CC64-2FB8-43FB-8320-86BC869C4996}.Release|x86.Build.0 = Release|Any CPU
		{ECFB02B8-3E69-44D4-A6C6-36022795DB5C}.Debug|Any CPU.ActiveCfg = Debug|Any CPU
		{ECFB02B8-3E69-44D4-A6C6-36022795DB5C}.Debug|Any CPU.Build.0 = Debug|Any CPU
		{ECFB02B8-3E69-44D4-A6C6-36022795DB5C}.Debug|x64.ActiveCfg = Debug|Any CPU
		{ECFB02B8-3E69-44D4-A6C6-36022795DB5C}.Debug|x64.Build.0 = Debug|Any CPU
		{ECFB02B8-3E69-44D4-A6C6-36022795DB5C}.Debug|x86.ActiveCfg = Debug|Any CPU
		{ECFB02B8-3E69-44D4-A6C6-36022795DB5C}.Debug|x86.Build.0 = Debug|Any CPU
		{ECFB02B8-3E69-44D4-A6C6-36022795DB5C}.Release|Any CPU.ActiveCfg = Release|Any CPU
		{ECFB02B8-3E69-44D4-A6C6-36022795DB5C}.Release|Any CPU.Build.0 = Release|Any CPU
		{ECFB02B8-3E69-44D4-A6C6-36022795DB5C}.Release|x64.ActiveCfg = Release|Any CPU
		{ECFB02B8-3E69-44D4-A6C6-36022795DB5C}.Release|x64.Build.0 = Release|Any CPU
		{ECFB02B8-3E69-44D4-A6C6-36022795DB5C}.Release|x86.ActiveCfg = Release|Any CPU
		{ECFB02B8-3E69-44D4-A6C6-36022795DB5C}.Release|x86.Build.0 = Release|Any CPU
		{5CD08239-D05A-4AD0-A775-016C02BE9794}.Debug|Any CPU.ActiveCfg = Debug|Any CPU
		{5CD08239-D05A-4AD0-A775-016C02BE9794}.Debug|Any CPU.Build.0 = Debug|Any CPU
		{5CD08239-D05A-4AD0-A775-016C02BE9794}.Debug|x64.ActiveCfg = Debug|Any CPU
		{5CD08239-D05A-4AD0-A775-016C02BE9794}.Debug|x64.Build.0 = Debug|Any CPU
		{5CD08239-D05A-4AD0-A775-016C02BE9794}.Debug|x86.ActiveCfg = Debug|Any CPU
		{5CD08239-D05A-4AD0-A775-016C02BE9794}.Debug|x86.Build.0 = Debug|Any CPU
		{5CD08239-D05A-4AD0-A775-016C02BE9794}.Release|Any CPU.ActiveCfg = Release|Any CPU
		{5CD08239-D05A-4AD0-A775-016C02BE9794}.Release|Any CPU.Build.0 = Release|Any CPU
		{5CD08239-D05A-4AD0-A775-016C02BE9794}.Release|x64.ActiveCfg = Release|Any CPU
		{5CD08239-D05A-4AD0-A775-016C02BE9794}.Release|x64.Build.0 = Release|Any CPU
		{5CD08239-D05A-4AD0-A775-016C02BE9794}.Release|x86.ActiveCfg = Release|Any CPU
		{5CD08239-D05A-4AD0-A775-016C02BE9794}.Release|x86.Build.0 = Release|Any CPU
		{67274A86-7019-40D5-A1FE-B9B97FBDCF1C}.Debug|Any CPU.ActiveCfg = Debug|Any CPU
		{67274A86-7019-40D5-A1FE-B9B97FBDCF1C}.Debug|Any CPU.Build.0 = Debug|Any CPU
		{67274A86-7019-40D5-A1FE-B9B97FBDCF1C}.Debug|x64.ActiveCfg = Debug|Any CPU
		{67274A86-7019-40D5-A1FE-B9B97FBDCF1C}.Debug|x64.Build.0 = Debug|Any CPU
		{67274A86-7019-40D5-A1FE-B9B97FBDCF1C}.Debug|x86.ActiveCfg = Debug|Any CPU
		{67274A86-7019-40D5-A1FE-B9B97FBDCF1C}.Debug|x86.Build.0 = Debug|Any CPU
		{67274A86-7019-40D5-A1FE-B9B97FBDCF1C}.Release|Any CPU.ActiveCfg = Release|Any CPU
		{67274A86-7019-40D5-A1FE-B9B97FBDCF1C}.Release|Any CPU.Build.0 = Release|Any CPU
		{67274A86-7019-40D5-A1FE-B9B97FBDCF1C}.Release|x64.ActiveCfg = Release|Any CPU
		{67274A86-7019-40D5-A1FE-B9B97FBDCF1C}.Release|x64.Build.0 = Release|Any CPU
		{67274A86-7019-40D5-A1FE-B9B97FBDCF1C}.Release|x86.ActiveCfg = Release|Any CPU
		{67274A86-7019-40D5-A1FE-B9B97FBDCF1C}.Release|x86.Build.0 = Release|Any CPU
		{D8504AFC-34D5-47F1-ACA0-108B255496D8}.Debug|Any CPU.ActiveCfg = Debug|Any CPU
		{D8504AFC-34D5-47F1-ACA0-108B255496D8}.Debug|Any CPU.Build.0 = Debug|Any CPU
		{D8504AFC-34D5-47F1-ACA0-108B255496D8}.Debug|x64.ActiveCfg = Debug|Any CPU
		{D8504AFC-34D5-47F1-ACA0-108B255496D8}.Debug|x64.Build.0 = Debug|Any CPU
		{D8504AFC-34D5-47F1-ACA0-108B255496D8}.Debug|x86.ActiveCfg = Debug|Any CPU
		{D8504AFC-34D5-47F1-ACA0-108B255496D8}.Debug|x86.Build.0 = Debug|Any CPU
		{D8504AFC-34D5-47F1-ACA0-108B255496D8}.Release|Any CPU.ActiveCfg = Release|Any CPU
		{D8504AFC-34D5-47F1-ACA0-108B255496D8}.Release|Any CPU.Build.0 = Release|Any CPU
		{D8504AFC-34D5-47F1-ACA0-108B255496D8}.Release|x64.ActiveCfg = Release|Any CPU
		{D8504AFC-34D5-47F1-ACA0-108B255496D8}.Release|x64.Build.0 = Release|Any CPU
		{D8504AFC-34D5-47F1-ACA0-108B255496D8}.Release|x86.ActiveCfg = Release|Any CPU
		{D8504AFC-34D5-47F1-ACA0-108B255496D8}.Release|x86.Build.0 = Release|Any CPU
		{C2879450-5A27-4A5A-BA94-4E2CD5D33BEB}.Debug|Any CPU.ActiveCfg = Debug|Any CPU
		{C2879450-5A27-4A5A-BA94-4E2CD5D33BEB}.Debug|Any CPU.Build.0 = Debug|Any CPU
		{C2879450-5A27-4A5A-BA94-4E2CD5D33BEB}.Debug|x64.ActiveCfg = Debug|Any CPU
		{C2879450-5A27-4A5A-BA94-4E2CD5D33BEB}.Debug|x64.Build.0 = Debug|Any CPU
		{C2879450-5A27-4A5A-BA94-4E2CD5D33BEB}.Debug|x86.ActiveCfg = Debug|Any CPU
		{C2879450-5A27-4A5A-BA94-4E2CD5D33BEB}.Debug|x86.Build.0 = Debug|Any CPU
		{C2879450-5A27-4A5A-BA94-4E2CD5D33BEB}.Release|Any CPU.ActiveCfg = Release|Any CPU
		{C2879450-5A27-4A5A-BA94-4E2CD5D33BEB}.Release|Any CPU.Build.0 = Release|Any CPU
		{C2879450-5A27-4A5A-BA94-4E2CD5D33BEB}.Release|x64.ActiveCfg = Release|Any CPU
		{C2879450-5A27-4A5A-BA94-4E2CD5D33BEB}.Release|x64.Build.0 = Release|Any CPU
		{C2879450-5A27-4A5A-BA94-4E2CD5D33BEB}.Release|x86.ActiveCfg = Release|Any CPU
		{C2879450-5A27-4A5A-BA94-4E2CD5D33BEB}.Release|x86.Build.0 = Release|Any CPU
		{F9BBAAA6-9533-441D-8B41-76F0BA0279CB}.Debug|Any CPU.ActiveCfg = Debug|Any CPU
		{F9BBAAA6-9533-441D-8B41-76F0BA0279CB}.Debug|Any CPU.Build.0 = Debug|Any CPU
		{F9BBAAA6-9533-441D-8B41-76F0BA0279CB}.Debug|x64.ActiveCfg = Debug|Any CPU
		{F9BBAAA6-9533-441D-8B41-76F0BA0279CB}.Debug|x64.Build.0 = Debug|Any CPU
		{F9BBAAA6-9533-441D-8B41-76F0BA0279CB}.Debug|x86.ActiveCfg = Debug|Any CPU
		{F9BBAAA6-9533-441D-8B41-76F0BA0279CB}.Debug|x86.Build.0 = Debug|Any CPU
		{F9BBAAA6-9533-441D-8B41-76F0BA0279CB}.Release|Any CPU.ActiveCfg = Release|Any CPU
		{F9BBAAA6-9533-441D-8B41-76F0BA0279CB}.Release|Any CPU.Build.0 = Release|Any CPU
		{F9BBAAA6-9533-441D-8B41-76F0BA0279CB}.Release|x64.ActiveCfg = Release|Any CPU
		{F9BBAAA6-9533-441D-8B41-76F0BA0279CB}.Release|x64.Build.0 = Release|Any CPU
		{F9BBAAA6-9533-441D-8B41-76F0BA0279CB}.Release|x86.ActiveCfg = Release|Any CPU
		{F9BBAAA6-9533-441D-8B41-76F0BA0279CB}.Release|x86.Build.0 = Release|Any CPU
		{CFE3C7B0-CB4F-4CF1-AB08-0DDA3F68D612}.Debug|Any CPU.ActiveCfg = Debug|Any CPU
		{CFE3C7B0-CB4F-4CF1-AB08-0DDA3F68D612}.Debug|Any CPU.Build.0 = Debug|Any CPU
		{CFE3C7B0-CB4F-4CF1-AB08-0DDA3F68D612}.Debug|x64.ActiveCfg = Debug|Any CPU
		{CFE3C7B0-CB4F-4CF1-AB08-0DDA3F68D612}.Debug|x64.Build.0 = Debug|Any CPU
		{CFE3C7B0-CB4F-4CF1-AB08-0DDA3F68D612}.Debug|x86.ActiveCfg = Debug|Any CPU
		{CFE3C7B0-CB4F-4CF1-AB08-0DDA3F68D612}.Debug|x86.Build.0 = Debug|Any CPU
		{CFE3C7B0-CB4F-4CF1-AB08-0DDA3F68D612}.Release|Any CPU.ActiveCfg = Release|Any CPU
		{CFE3C7B0-CB4F-4CF1-AB08-0DDA3F68D612}.Release|Any CPU.Build.0 = Release|Any CPU
		{CFE3C7B0-CB4F-4CF1-AB08-0DDA3F68D612}.Release|x64.ActiveCfg = Release|Any CPU
		{CFE3C7B0-CB4F-4CF1-AB08-0DDA3F68D612}.Release|x64.Build.0 = Release|Any CPU
		{CFE3C7B0-CB4F-4CF1-AB08-0DDA3F68D612}.Release|x86.ActiveCfg = Release|Any CPU
		{CFE3C7B0-CB4F-4CF1-AB08-0DDA3F68D612}.Release|x86.Build.0 = Release|Any CPU
		{14A4F709-94D3-4F75-9C1B-CF14E3F92E45}.Debug|Any CPU.ActiveCfg = Debug|Any CPU
		{14A4F709-94D3-4F75-9C1B-CF14E3F92E45}.Debug|Any CPU.Build.0 = Debug|Any CPU
		{14A4F709-94D3-4F75-9C1B-CF14E3F92E45}.Debug|x64.ActiveCfg = Debug|Any CPU
		{14A4F709-94D3-4F75-9C1B-CF14E3F92E45}.Debug|x64.Build.0 = Debug|Any CPU
		{14A4F709-94D3-4F75-9C1B-CF14E3F92E45}.Debug|x86.ActiveCfg = Debug|Any CPU
		{14A4F709-94D3-4F75-9C1B-CF14E3F92E45}.Debug|x86.Build.0 = Debug|Any CPU
		{14A4F709-94D3-4F75-9C1B-CF14E3F92E45}.Release|Any CPU.ActiveCfg = Release|Any CPU
		{14A4F709-94D3-4F75-9C1B-CF14E3F92E45}.Release|Any CPU.Build.0 = Release|Any CPU
		{14A4F709-94D3-4F75-9C1B-CF14E3F92E45}.Release|x64.ActiveCfg = Release|Any CPU
		{14A4F709-94D3-4F75-9C1B-CF14E3F92E45}.Release|x64.Build.0 = Release|Any CPU
		{14A4F709-94D3-4F75-9C1B-CF14E3F92E45}.Release|x86.ActiveCfg = Release|Any CPU
		{14A4F709-94D3-4F75-9C1B-CF14E3F92E45}.Release|x86.Build.0 = Release|Any CPU
		{64B8C471-547C-4277-AF55-E2C4743C651B}.Debug|Any CPU.ActiveCfg = Debug|Any CPU
		{64B8C471-547C-4277-AF55-E2C4743C651B}.Debug|Any CPU.Build.0 = Debug|Any CPU
		{64B8C471-547C-4277-AF55-E2C4743C651B}.Debug|x64.ActiveCfg = Debug|Any CPU
		{64B8C471-547C-4277-AF55-E2C4743C651B}.Debug|x64.Build.0 = Debug|Any CPU
		{64B8C471-547C-4277-AF55-E2C4743C651B}.Debug|x86.ActiveCfg = Debug|Any CPU
		{64B8C471-547C-4277-AF55-E2C4743C651B}.Debug|x86.Build.0 = Debug|Any CPU
		{64B8C471-547C-4277-AF55-E2C4743C651B}.Release|Any CPU.ActiveCfg = Release|Any CPU
		{64B8C471-547C-4277-AF55-E2C4743C651B}.Release|Any CPU.Build.0 = Release|Any CPU
		{64B8C471-547C-4277-AF55-E2C4743C651B}.Release|x64.ActiveCfg = Release|Any CPU
		{64B8C471-547C-4277-AF55-E2C4743C651B}.Release|x64.Build.0 = Release|Any CPU
		{64B8C471-547C-4277-AF55-E2C4743C651B}.Release|x86.ActiveCfg = Release|Any CPU
		{64B8C471-547C-4277-AF55-E2C4743C651B}.Release|x86.Build.0 = Release|Any CPU
	EndGlobalSection
	GlobalSection(SolutionProperties) = preSolution
		HideSolutionNode = FALSE
	EndGlobalSection
	GlobalSection(NestedProjects) = preSolution
		{8D626EA8-CB54-BC41-363A-217881BEBA6E} = {827E0CD3-B72D-47B6-A68D-7590B98EB39B}
		{5A26CC64-2FB8-43FB-8320-86BC869C4996} = {8D626EA8-CB54-BC41-363A-217881BEBA6E}
		{ECFB02B8-3E69-44D4-A6C6-36022795DB5C} = {8D626EA8-CB54-BC41-363A-217881BEBA6E}
		{0E0E3053-B35B-C102-A91C-E2BFFDC3A50A} = {827E0CD3-B72D-47B6-A68D-7590B98EB39B}
		{5CD08239-D05A-4AD0-A775-016C02BE9794} = {0E0E3053-B35B-C102-A91C-E2BFFDC3A50A}
		{67274A86-7019-40D5-A1FE-B9B97FBDCF1C} = {0E0E3053-B35B-C102-A91C-E2BFFDC3A50A}
		{00F58F89-0DDD-AFA7-F48B-337AED703839} = {827E0CD3-B72D-47B6-A68D-7590B98EB39B}
		{D8504AFC-34D5-47F1-ACA0-108B255496D8} = {00F58F89-0DDD-AFA7-F48B-337AED703839}
		{C2879450-5A27-4A5A-BA94-4E2CD5D33BEB} = {00F58F89-0DDD-AFA7-F48B-337AED703839}
		{168BE1D6-EBDA-962C-6688-B47B5C084E68} = {827E0CD3-B72D-47B6-A68D-7590B98EB39B}
		{F9BBAAA6-9533-441D-8B41-76F0BA0279CB} = {168BE1D6-EBDA-962C-6688-B47B5C084E68}
		{8E04ABF7-BA45-BDB3-C710-A67BBE315F0D} = {827E0CD3-B72D-47B6-A68D-7590B98EB39B}
		{CFE3C7B0-CB4F-4CF1-AB08-0DDA3F68D612} = {8E04ABF7-BA45-BDB3-C710-A67BBE315F0D}
		{14A4F709-94D3-4F75-9C1B-CF14E3F92E45} = {8E04ABF7-BA45-BDB3-C710-A67BBE315F0D}
		{D1F2F15C-3713-4DA3-9C72-6144430BF355} = {168BE1D6-EBDA-962C-6688-B47B5C084E68}
		{64B8C471-547C-4277-AF55-E2C4743C651B} = {D1F2F15C-3713-4DA3-9C72-6144430BF355}
	EndGlobalSection
EndGlobal
